
Microsoft Visual Studio Solution File, Format Version 12.00
# Visual Studio Version 17
VisualStudioVersion = 17.14.36518.9
MinimumVisualStudioVersion = 10.0.40219.1
Project("{2150E333-8FDC-42A3-9474-1A3956D46DE8}") = "Task0", "Task0", "{02EA681E-C7D8-13C7-8484-4AC65E1B71E8}"
EndProject
Project("{FAE04EC0-301F-11D3-BF4B-00C04F79EFBC}") = "Tyuiu.ShiganovaAV.Sprint3.Task0.V20", "Tyuiu.ShiganovaAV.Sprint3.Task0.V20\Tyuiu.ShiganovaAV.Sprint3.Task0.V20.csproj", "{ACA027C5-8BEB-49ED-9686-D4D263E58240}"
EndProject
Project("{FAE04EC0-301F-11D3-BF4B-00C04F79EFBC}") = "Tyuiu.ShiganovaAV.Sprint3.Task0.V20.Lib", "Tyuiu.ShiganovaAV.Sprint3.Task0.V20.Lib\Tyuiu.ShiganovaAV.Sprint3.Task0.V20.Lib.csproj", "{A81BA897-FA3C-4383-ADEB-DA40C15CE98F}"
EndProject
Project("{FAE04EC0-301F-11D3-BF4B-00C04F79EFBC}") = "Tyuiu.ShiganovaAV.Sprint3.Task0.V20.Test", "Tyuiu.ShiganovaAV.Sprint3.Task0.V20.Test\Tyuiu.ShiganovaAV.Sprint3.Task0.V20.Test.csproj", "{7BB6873E-0C28-430E-A759-2E18150AD837}"
EndProject
Project("{2150E333-8FDC-42A3-9474-1A3956D46DE8}") = "Task1", "Task1", "{54C5EE02-615C-4C4E-A55E-B0D1A3CBCD17}"
EndProject
Project("{FAE04EC0-301F-11D3-BF4B-00C04F79EFBC}") = "Tyuiu.ShiganovaAV.Sprint3.Task1.V17", "Tyuiu.ShiganovaAV.Sprint3.Task1.V17\Tyuiu.ShiganovaAV.Sprint3.Task1.V17.csproj", "{90954B2B-AB04-4D84-824C-5B734C5BE6B3}"
EndProject
Project("{FAE04EC0-301F-11D3-BF4B-00C04F79EFBC}") = "Tyuiu.ShiganovaAV.Sprint3.Task1.V17.Lib", "Tyuiu.ShiganovaAV.Sprint3.Task1.V17.Lib\Tyuiu.ShiganovaAV.Sprint3.Task1.V17.Lib.csproj", "{A6A0044B-520B-425C-906E-7E2B8EB34A39}"
EndProject
Project("{FAE04EC0-301F-11D3-BF4B-00C04F79EFBC}") = "Tyuiu.ShiganovaAV.Sprint3.Task1.V17.Test", "Tyuiu.ShiganovaAV.Sprint3.Task1.V17.Test\Tyuiu.ShiganovaAV.Sprint3.Task1.V17.Test.csproj", "{37CB3B21-EAE1-499F-AC2C-C87C16D191B3}"
EndProject
Project("{2150E333-8FDC-42A3-9474-1A3956D46DE8}") = "Task2", "Task2", "{139E794A-D8A2-4EB6-B672-26115E1D82FF}"
EndProject
Project("{FAE04EC0-301F-11D3-BF4B-00C04F79EFBC}") = "Tyuiu.ShiganovaAV.Sprint3.Task2.V5", "Tyuiu.ShiganovaAV.Sprint3.Task2.V5\Tyuiu.ShiganovaAV.Sprint3.Task2.V5.csproj", "{AFDAB203-D342-4AF9-A49A-93C0B2047774}"
EndProject
Project("{FAE04EC0-301F-11D3-BF4B-00C04F79EFBC}") = "Tyuiu.ShiganovaAV.Sprint3.Task2.V5.Lib", "Tyuiu.ShiganovaAV.Sprint3.Task2.V5.Lib\Tyuiu.ShiganovaAV.Sprint3.Task2.V5.Lib.csproj", "{43574EAB-1828-413E-A9C9-BF027F5E875E}"
EndProject
Project("{FAE04EC0-301F-11D3-BF4B-00C04F79EFBC}") = "Tyuiu.ShiganovaAV.Sprint3.Task2.V5.Test", "Tyuiu.ShiganovaAV.Sprint3.Task2.V5.Test\Tyuiu.ShiganovaAV.Sprint3.Task2.V5.Test.csproj", "{A77E4A38-7531-401C-9F2D-2483B2B7BDC4}"
EndProject
Project("{2150E333-8FDC-42A3-9474-1A3956D46DE8}") = "Task3", "Task3", "{35CC0D2E-F51A-48A5-B0DD-09E632AEA575}"
EndProject
Project("{FAE04EC0-301F-11D3-BF4B-00C04F79EFBC}") = "Tyuiu.ShiganovaAV.Sprint3.Task3.V18", "Tyuiu.ShiganovaAV.Sprint3.Task3.V18\Tyuiu.ShiganovaAV.Sprint3.Task3.V18.csproj", "{9E5FE484-99ED-4FEA-8586-6F65F5539322}"
EndProject
Project("{FAE04EC0-301F-11D3-BF4B-00C04F79EFBC}") = "Tyuiu.ShiganovaAV.Sprint3.Task3.V18.Lib", "Tyuiu.ShiganovaAV.Sprint3.Task3.V18.Lib\Tyuiu.ShiganovaAV.Sprint3.Task3.V18.Lib.csproj", "{28E8DD62-E48B-4C2D-BDA4-8A31DD956D62}"
EndProject
Project("{FAE04EC0-301F-11D3-BF4B-00C04F79EFBC}") = "Tyuiu.ShiganovaAV.Sprint3.Task3.V18.Test", "Tyuiu.ShiganovaAV.Sprint3.Task3.V18.Test\Tyuiu.ShiganovaAV.Sprint3.Task3.V18.Test.csproj", "{7D346290-082D-428B-AA9B-C77B6FFE7997}"
EndProject
Project("{2150E333-8FDC-42A3-9474-1A3956D46DE8}") = "Task4", "Task4", "{9ACB4810-5221-4C6F-AD0D-6F52F46DD6A2}"
EndProject
Project("{FAE04EC0-301F-11D3-BF4B-00C04F79EFBC}") = "Tyuiu.ShiganovaAV.Sprint3.Task4.V7", "Tyuiu.ShiganovaAV.Sprint3.Task4.V7\Tyuiu.ShiganovaAV.Sprint3.Task4.V7.csproj", "{18DA2189-7502-42A8-9A49-D2FA50CBEEBE}"
EndProject
Project("{FAE04EC0-301F-11D3-BF4B-00C04F79EFBC}") = "Tyuiu.ShiganovaAV.Sprint3.Task4.V7.Lib", "Tyuiu.ShiganovaAV.Sprint3.Task4.V7.Lib\Tyuiu.ShiganovaAV.Sprint3.Task4.V7.Lib.csproj", "{B69E9195-8F85-4551-A4DC-A085C8FEDF90}"
EndProject
Project("{FAE04EC0-301F-11D3-BF4B-00C04F79EFBC}") = "Tyuiu.ShiganovaAV.Sprint3.Task4.V7.Test", "Tyuiu.ShiganovaAV.Sprint3.Task4.V7.Test\Tyuiu.ShiganovaAV.Sprint3.Task4.V7.Test.csproj", "{4B588613-959A-45B1-B28D-B6C6F26BAC3F}"
EndProject
Project("{2150E333-8FDC-42A3-9474-1A3956D46DE8}") = "Task5", "Task5", "{BE6B7FFB-755A-4807-A914-3D6F593A0FC7}"
EndProject
Project("{FAE04EC0-301F-11D3-BF4B-00C04F79EFBC}") = "Tyuiu.ShiganovaAV.Sprint3.Task5.V9", "Tyuiu.ShiganovaAV.Sprint3.Task5.V9\Tyuiu.ShiganovaAV.Sprint3.Task5.V9.csproj", "{039D89FC-2477-4BC5-858C-E33D51B06101}"
EndProject
Project("{FAE04EC0-301F-11D3-BF4B-00C04F79EFBC}") = "Tyuiu.ShiganovaAV.Sprint3.Task5.V9.Lib", "Tyuiu.ShiganovaAV.Sprint3.Task5.V9.Lib\Tyuiu.ShiganovaAV.Sprint3.Task5.V9.Lib.csproj", "{86F76211-DF29-48FF-B624-38AFE421A92D}"
EndProject
Project("{FAE04EC0-301F-11D3-BF4B-00C04F79EFBC}") = "Tyuiu.ShiganovaAV.Sprint3.Task5.V9.Test", "Tyuiu.ShiganovaAV.Sprint3.Task5.V9.Test\Tyuiu.ShiganovaAV.Sprint3.Task5.V9.Test.csproj", "{55D50EC7-5335-4282-A1C7-B832290DE5D9}"
EndProject
Project("{2150E333-8FDC-42A3-9474-1A3956D46DE8}") = "Task6", "Task6", "{EECB147B-474E-4A37-B61B-9809B34171CF}"
EndProject
Project("{FAE04EC0-301F-11D3-BF4B-00C04F79EFBC}") = "Tyuiu.ShiganovaAV.Sprint3.Task6.V5", "Tyuiu.ShiganovaAV.Sprint3.Task6.V5\Tyuiu.ShiganovaAV.Sprint3.Task6.V5.csproj", "{3369ADDF-1210-4C45-99E5-C9B834E74F4B}"
EndProject
Project("{FAE04EC0-301F-11D3-BF4B-00C04F79EFBC}") = "Tyuiu.ShiganovaAV.Sprint3.Task6.V5.Lib", "Tyuiu.ShiganovaAV.Sprint3.Task6.V5.Lib\Tyuiu.ShiganovaAV.Sprint3.Task6.V5.Lib.csproj", "{5E2BC815-970A-4FF3-8524-2B77CFBFE678}"
EndProject
Project("{FAE04EC0-301F-11D3-BF4B-00C04F79EFBC}") = "Tyuiu.ShiganovaAV.Sprint3.Task6.V5.Test", "Tyuiu.ShiganovaAV.Sprint3.Task6.V5.Test\Tyuiu.ShiganovaAV.Sprint3.Task6.V5.Test.csproj", "{DAFF3112-36AF-4E31-9144-89D999BA82BB}"
EndProject
Project("{2150E333-8FDC-42A3-9474-1A3956D46DE8}") = "Task7", "Task7", "{CCA2B924-6760-4C9A-ACB9-2D0CB002817F}"
EndProject
Project("{FAE04EC0-301F-11D3-BF4B-00C04F79EFBC}") = "Tyuiu.ShiganovaAV.Sprint3.Task7.V13", "Tyuiu.ShiganovaAV.Sprint3.Task7.V13\Tyuiu.ShiganovaAV.Sprint3.Task7.V13.csproj", "{34E829C9-490B-4739-9FC8-824ABAEA1B1A}"
EndProject
Project("{FAE04EC0-301F-11D3-BF4B-00C04F79EFBC}") = "Tyuiu.ShiganovaAV.Sprint3.Task7.V13.Lib", "Tyuiu.ShiganovaAV.Sprint3.Task7.V13.Lib\Tyuiu.ShiganovaAV.Sprint3.Task7.V13.Lib.csproj", "{8BBC3112-A248-422B-A0E8-40774B4537FA}"
EndProject
Project("{FAE04EC0-301F-11D3-BF4B-00C04F79EFBC}") = "Tyuiu.ShiganovaAV.Sprint3.Task7.V13.Test", "Tyuiu.ShiganovaAV.Sprint3.Task7.V13.Test\Tyuiu.ShiganovaAV.Sprint3.Task7.V13.Test.csproj", "{72A89BDC-6D18-4905-9911-6B732EE00BF4}"
EndProject
Global
	GlobalSection(SolutionConfigurationPlatforms) = preSolution
		Debug|Any CPU = Debug|Any CPU
		Release|Any CPU = Release|Any CPU
	EndGlobalSection
	GlobalSection(ProjectConfigurationPlatforms) = postSolution
		{ACA027C5-8BEB-49ED-9686-D4D263E58240}.Debug|Any CPU.ActiveCfg = Debug|Any CPU
		{ACA027C5-8BEB-49ED-9686-D4D263E58240}.Debug|Any CPU.Build.0 = Debug|Any CPU
		{ACA027C5-8BEB-49ED-9686-D4D263E58240}.Release|Any CPU.ActiveCfg = Release|Any CPU
		{ACA027C5-8BEB-49ED-9686-D4D263E58240}.Release|Any CPU.Build.0 = Release|Any CPU
		{A81BA897-FA3C-4383-ADEB-DA40C15CE98F}.Debug|Any CPU.ActiveCfg = Debug|Any CPU
		{A81BA897-FA3C-4383-ADEB-DA40C15CE98F}.Debug|Any CPU.Build.0 = Debug|Any CPU
		{A81BA897-FA3C-4383-ADEB-DA40C15CE98F}.Release|Any CPU.ActiveCfg = Release|Any CPU
		{A81BA897-FA3C-4383-ADEB-DA40C15CE98F}.Release|Any CPU.Build.0 = Release|Any CPU
		{7BB6873E-0C28-430E-A759-2E18150AD837}.Debug|Any CPU.ActiveCfg = Debug|Any CPU
		{7BB6873E-0C28-430E-A759-2E18150AD837}.Debug|Any CPU.Build.0 = Debug|Any CPU
		{7BB6873E-0C28-430E-A759-2E18150AD837}.Release|Any CPU.ActiveCfg = Release|Any CPU
		{7BB6873E-0C28-430E-A759-2E18150AD837}.Release|Any CPU.Build.0 = Release|Any CPU
		{90954B2B-AB04-4D84-824C-5B734C5BE6B3}.Debug|Any CPU.ActiveCfg = Debug|Any CPU
		{90954B2B-AB04-4D84-824C-5B734C5BE6B3}.Debug|Any CPU.Build.0 = Debug|Any CPU
		{90954B2B-AB04-4D84-824C-5B734C5BE6B3}.Release|Any CPU.ActiveCfg = Release|Any CPU
		{90954B2B-AB04-4D84-824C-5B734C5BE6B3}.Release|Any CPU.Build.0 = Release|Any CPU
		{A6A0044B-520B-425C-906E-7E2B8EB34A39}.Debug|Any CPU.ActiveCfg = Debug|Any CPU
		{A6A0044B-520B-425C-906E-7E2B8EB34A39}.Debug|Any CPU.Build.0 = Debug|Any CPU
		{A6A0044B-520B-425C-906E-7E2B8EB34A39}.Release|Any CPU.ActiveCfg = Release|Any CPU
		{A6A0044B-520B-425C-906E-7E2B8EB34A39}.Release|Any CPU.Build.0 = Release|Any CPU
		{37CB3B21-EAE1-499F-AC2C-C87C16D191B3}.Debug|Any CPU.ActiveCfg = Debug|Any CPU
		{37CB3B21-EAE1-499F-AC2C-C87C16D191B3}.Debug|Any CPU.Build.0 = Debug|Any CPU
		{37CB3B21-EAE1-499F-AC2C-C87C16D191B3}.Release|Any CPU.ActiveCfg = Release|Any CPU
		{37CB3B21-EAE1-499F-AC2C-C87C16D191B3}.Release|Any CPU.Build.0 = Release|Any CPU
		{AFDAB203-D342-4AF9-A49A-93C0B2047774}.Debug|Any CPU.ActiveCfg = Debug|Any CPU
		{AFDAB203-D342-4AF9-A49A-93C0B2047774}.Debug|Any CPU.Build.0 = Debug|Any CPU
		{AFDAB203-D342-4AF9-A49A-93C0B2047774}.Release|Any CPU.ActiveCfg = Release|Any CPU
		{AFDAB203-D342-4AF9-A49A-93C0B2047774}.Release|Any CPU.Build.0 = Release|Any CPU
		{43574EAB-1828-413E-A9C9-BF027F5E875E}.Debug|Any CPU.ActiveCfg = Debug|Any CPU
		{43574EAB-1828-413E-A9C9-BF027F5E875E}.Debug|Any CPU.Build.0 = Debug|Any CPU
		{43574EAB-1828-413E-A9C9-BF027F5E875E}.Release|Any CPU.ActiveCfg = Release|Any CPU
		{43574EAB-1828-413E-A9C9-BF027F5E875E}.Release|Any CPU.Build.0 = Release|Any CPU
		{A77E4A38-7531-401C-9F2D-2483B2B7BDC4}.Debug|Any CPU.ActiveCfg = Debug|Any CPU
		{A77E4A38-7531-401C-9F2D-2483B2B7BDC4}.Debug|Any CPU.Build.0 = Debug|Any CPU
		{A77E4A38-7531-401C-9F2D-2483B2B7BDC4}.Release|Any CPU.ActiveCfg = Release|Any CPU
		{A77E4A38-7531-401C-9F2D-2483B2B7BDC4}.Release|Any CPU.Build.0 = Release|Any CPU
		{9E5FE484-99ED-4FEA-8586-6F65F5539322}.Debug|Any CPU.ActiveCfg = Debug|Any CPU
		{9E5FE484-99ED-4FEA-8586-6F65F5539322}.Debug|Any CPU.Build.0 = Debug|Any CPU
		{9E5FE484-99ED-4FEA-8586-6F65F5539322}.Release|Any CPU.ActiveCfg = Release|Any CPU
		{9E5FE484-99ED-4FEA-8586-6F65F5539322}.Release|Any CPU.Build.0 = Release|Any CPU
		{28E8DD62-E48B-4C2D-BDA4-8A31DD956D62}.Debug|Any CPU.ActiveCfg = Debug|Any CPU
		{28E8DD62-E48B-4C2D-BDA4-8A31DD956D62}.Debug|Any CPU.Build.0 = Debug|Any CPU
		{28E8DD62-E48B-4C2D-BDA4-8A31DD956D62}.Release|Any CPU.ActiveCfg = Release|Any CPU
		{28E8DD62-E48B-4C2D-BDA4-8A31DD956D62}.Release|Any CPU.Build.0 = Release|Any CPU
		{7D346290-082D-428B-AA9B-C77B6FFE7997}.Debug|Any CPU.ActiveCfg = Debug|Any CPU
		{7D346290-082D-428B-AA9B-C77B6FFE7997}.Debug|Any CPU.Build.0 = Debug|Any CPU
		{7D346290-082D-428B-AA9B-C77B6FFE7997}.Release|Any CPU.ActiveCfg = Release|Any CPU
		{7D346290-082D-428B-AA9B-C77B6FFE7997}.Release|Any CPU.Build.0 = Release|Any CPU
		{18DA2189-7502-42A8-9A49-D2FA50CBEEBE}.Debug|Any CPU.ActiveCfg = Debug|Any CPU
		{18DA2189-7502-42A8-9A49-D2FA50CBEEBE}.Debug|Any CPU.Build.0 = Debug|Any CPU
		{18DA2189-7502-42A8-9A49-D2FA50CBEEBE}.Release|Any CPU.ActiveCfg = Release|Any CPU
		{18DA2189-7502-42A8-9A49-D2FA50CBEEBE}.Release|Any CPU.Build.0 = Release|Any CPU
		{B69E9195-8F85-4551-A4DC-A085C8FEDF90}.Debug|Any CPU.ActiveCfg = Debug|Any CPU
		{B69E9195-8F85-4551-A4DC-A085C8FEDF90}.Debug|Any CPU.Build.0 = Debug|Any CPU
		{B69E9195-8F85-4551-A4DC-A085C8FEDF90}.Release|Any CPU.ActiveCfg = Release|Any CPU
		{B69E9195-8F85-4551-A4DC-A085C8FEDF90}.Release|Any CPU.Build.0 = Release|Any CPU
		{4B588613-959A-45B1-B28D-B6C6F26BAC3F}.Debug|Any CPU.ActiveCfg = Debug|Any CPU
		{4B588613-959A-45B1-B28D-B6C6F26BAC3F}.Debug|Any CPU.Build.0 = Debug|Any CPU
		{4B588613-959A-45B1-B28D-B6C6F26BAC3F}.Release|Any CPU.ActiveCfg = Release|Any CPU
		{4B588613-959A-45B1-B28D-B6C6F26BAC3F}.Release|Any CPU.Build.0 = Release|Any CPU
		{039D89FC-2477-4BC5-858C-E33D51B06101}.Debug|Any CPU.ActiveCfg = Debug|Any CPU
		{039D89FC-2477-4BC5-858C-E33D51B06101}.Debug|Any CPU.Build.0 = Debug|Any CPU
		{039D89FC-2477-4BC5-858C-E33D51B06101}.Release|Any CPU.ActiveCfg = Release|Any CPU
		{039D89FC-2477-4BC5-858C-E33D51B06101}.Release|Any CPU.Build.0 = Release|Any CPU
		{86F76211-DF29-48FF-B624-38AFE421A92D}.Debug|Any CPU.ActiveCfg = Debug|Any CPU
		{86F76211-DF29-48FF-B624-38AFE421A92D}.Debug|Any CPU.Build.0 = Debug|Any CPU
		{86F76211-DF29-48FF-B624-38AFE421A92D}.Release|Any CPU.ActiveCfg = Release|Any CPU
		{86F76211-DF29-48FF-B624-38AFE421A92D}.Release|Any CPU.Build.0 = Release|Any CPU
		{55D50EC7-5335-4282-A1C7-B832290DE5D9}.Debug|Any CPU.ActiveCfg = Debug|Any CPU
		{55D50EC7-5335-4282-A1C7-B832290DE5D9}.Debug|Any CPU.Build.0 = Debug|Any CPU
		{55D50EC7-5335-4282-A1C7-B832290DE5D9}.Release|Any CPU.ActiveCfg = Release|Any CPU
		{55D50EC7-5335-4282-A1C7-B832290DE5D9}.Release|Any CPU.Build.0 = Release|Any CPU
		{3369ADDF-1210-4C45-99E5-C9B834E74F4B}.Debug|Any CPU.ActiveCfg = Debug|Any CPU
		{3369ADDF-1210-4C45-99E5-C9B834E74F4B}.Debug|Any CPU.Build.0 = Debug|Any CPU
		{3369ADDF-1210-4C45-99E5-C9B834E74F4B}.Release|Any CPU.ActiveCfg = Release|Any CPU
		{3369ADDF-1210-4C45-99E5-C9B834E74F4B}.Release|Any CPU.Build.0 = Release|Any CPU
		{5E2BC815-970A-4FF3-8524-2B77CFBFE678}.Debug|Any CPU.ActiveCfg = Debug|Any CPU
		{5E2BC815-970A-4FF3-8524-2B77CFBFE678}.Debug|Any CPU.Build.0 = Debug|Any CPU
		{5E2BC815-970A-4FF3-8524-2B77CFBFE678}.Release|Any CPU.ActiveCfg = Release|Any CPU
		{5E2BC815-970A-4FF3-8524-2B77CFBFE678}.Release|Any CPU.Build.0 = Release|Any CPU
		{DAFF3112-36AF-4E31-9144-89D999BA82BB}.Debug|Any CPU.ActiveCfg = Debug|Any CPU
		{DAFF3112-36AF-4E31-9144-89D999BA82BB}.Debug|Any CPU.Build.0 = Debug|Any CPU
		{DAFF3112-36AF-4E31-9144-89D999BA82BB}.Release|Any CPU.ActiveCfg = Release|Any CPU
		{DAFF3112-36AF-4E31-9144-89D999BA82BB}.Release|Any CPU.Build.0 = Release|Any CPU
		{34E829C9-490B-4739-9FC8-824ABAEA1B1A}.Debug|Any CPU.ActiveCfg = Debug|Any CPU
		{34E829C9-490B-4739-9FC8-824ABAEA1B1A}.Debug|Any CPU.Build.0 = Debug|Any CPU
		{34E829C9-490B-4739-9FC8-824ABAEA1B1A}.Release|Any CPU.ActiveCfg = Release|Any CPU
		{34E829C9-490B-4739-9FC8-824ABAEA1B1A}.Release|Any CPU.Build.0 = Release|Any CPU
		{8BBC3112-A248-422B-A0E8-40774B4537FA}.Debug|Any CPU.ActiveCfg = Debug|Any CPU
		{8BBC3112-A248-422B-A0E8-40774B4537FA}.Debug|Any CPU.Build.0 = Debug|Any CPU
		{8BBC3112-A248-422B-A0E8-40774B4537FA}.Release|Any CPU.ActiveCfg = Release|Any CPU
		{8BBC3112-A248-422B-A0E8-40774B4537FA}.Release|Any CPU.Build.0 = Release|Any CPU
		{72A89BDC-6D18-4905-9911-6B732EE00BF4}.Debug|Any CPU.ActiveCfg = Debug|Any CPU
		{72A89BDC-6D18-4905-9911-6B732EE00BF4}.Debug|Any CPU.Build.0 = Debug|Any CPU
		{72A89BDC-6D18-4905-9911-6B732EE00BF4}.Release|Any CPU.ActiveCfg = Release|Any CPU
		{72A89BDC-6D18-4905-9911-6B732EE00BF4}.Release|Any CPU.Build.0 = Release|Any CPU
	EndGlobalSection
	GlobalSection(SolutionProperties) = preSolution
		HideSolutionNode = FALSE
	EndGlobalSection
	GlobalSection(NestedProjects) = preSolution
		{ACA027C5-8BEB-49ED-9686-D4D263E58240} = {02EA681E-C7D8-13C7-8484-4AC65E1B71E8}
		{A81BA897-FA3C-4383-ADEB-DA40C15CE98F} = {02EA681E-C7D8-13C7-8484-4AC65E1B71E8}
		{7BB6873E-0C28-430E-A759-2E18150AD837} = {02EA681E-C7D8-13C7-8484-4AC65E1B71E8}
		{90954B2B-AB04-4D84-824C-5B734C5BE6B3} = {54C5EE02-615C-4C4E-A55E-B0D1A3CBCD17}
		{A6A0044B-520B-425C-906E-7E2B8EB34A39} = {54C5EE02-615C-4C4E-A55E-B0D1A3CBCD17}
		{37CB3B21-EAE1-499F-AC2C-C87C16D191B3} = {54C5EE02-615C-4C4E-A55E-B0D1A3CBCD17}
		{AFDAB203-D342-4AF9-A49A-93C0B2047774} = {139E794A-D8A2-4EB6-B672-26115E1D82FF}
		{43574EAB-1828-413E-A9C9-BF027F5E875E} = {139E794A-D8A2-4EB6-B672-26115E1D82FF}
		{A77E4A38-7531-401C-9F2D-2483B2B7BDC4} = {139E794A-D8A2-4EB6-B672-26115E1D82FF}
		{9E5FE484-99ED-4FEA-8586-6F65F5539322} = {35CC0D2E-F51A-48A5-B0DD-09E632AEA575}
		{28E8DD62-E48B-4C2D-BDA4-8A31DD956D62} = {35CC0D2E-F51A-48A5-B0DD-09E632AEA575}
		{7D346290-082D-428B-AA9B-C77B6FFE7997} = {35CC0D2E-F51A-48A5-B0DD-09E632AEA575}
		{18DA2189-7502-42A8-9A49-D2FA50CBEEBE} = {9ACB4810-5221-4C6F-AD0D-6F52F46DD6A2}
		{B69E9195-8F85-4551-A4DC-A085C8FEDF90} = {9ACB4810-5221-4C6F-AD0D-6F52F46DD6A2}
		{4B588613-959A-45B1-B28D-B6C6F26BAC3F} = {9ACB4810-5221-4C6F-AD0D-6F52F46DD6A2}
		{039D89FC-2477-4BC5-858C-E33D51B06101} = {BE6B7FFB-755A-4807-A914-3D6F593A0FC7}
		{86F76211-DF29-48FF-B624-38AFE421A92D} = {BE6B7FFB-755A-4807-A914-3D6F593A0FC7}
		{55D50EC7-5335-4282-A1C7-B832290DE5D9} = {BE6B7FFB-755A-4807-A914-3D6F593A0FC7}
		{3369ADDF-1210-4C45-99E5-C9B834E74F4B} = {EECB147B-474E-4A37-B61B-9809B34171CF}
		{5E2BC815-970A-4FF3-8524-2B77CFBFE678} = {EECB147B-474E-4A37-B61B-9809B34171CF}
		{DAFF3112-36AF-4E31-9144-89D999BA82BB} = {EECB147B-474E-4A37-B61B-9809B34171CF}
		{34E829C9-490B-4739-9FC8-824ABAEA1B1A} = {CCA2B924-6760-4C9A-ACB9-2D0CB002817F}
		{8BBC3112-A248-422B-A0E8-40774B4537FA} = {CCA2B924-6760-4C9A-ACB9-2D0CB002817F}
		{72A89BDC-6D18-4905-9911-6B732EE00BF4} = {CCA2B924-6760-4C9A-ACB9-2D0CB002817F}
	EndGlobalSection
	GlobalSection(ExtensibilityGlobals) = postSolution
		SolutionGuid = {381F8B9B-1E32-4B5A-872E-6E0BF88A8C79}
	EndGlobalSection
EndGlobal
