
Microsoft Visual Studio Solution File, Format Version 12.00
# Visual Studio Version 17
VisualStudioVersion = 17.14.36518.9
MinimumVisualStudioVersion = 10.0.40219.1
Project("{2150E333-8FDC-42A3-9474-1A3956D46DE8}") = "Task0", "Task0", "{02EA681E-C7D8-13C7-8484-4AC65E1B71E8}"
EndProject
Project("{FAE04EC0-301F-11D3-BF4B-00C04F79EFBC}") = "Tyuiu.ShiganovaAV.Sprint3.Task0.V20", "Tyuiu.ShiganovaAV.Sprint3.Task0.V20\Tyuiu.ShiganovaAV.Sprint3.Task0.V20.csproj", "{ACA027C5-8BEB-49ED-9686-D4D263E58240}"
EndProject
Project("{FAE04EC0-301F-11D3-BF4B-00C04F79EFBC}") = "Tyuiu.ShiganovaAV.Sprint3.Task0.V20.Lib", "Tyuiu.ShiganovaAV.Sprint3.Task0.V20.Lib\Tyuiu.ShiganovaAV.Sprint3.Task0.V20.Lib.csproj", "{A81BA897-FA3C-4383-ADEB-DA40C15CE98F}"
EndProject
Project("{FAE04EC0-301F-11D3-BF4B-00C04F79EFBC}") = "Tyuiu.ShiganovaAV.Sprint3.Task0.V20.Test", "Tyuiu.ShiganovaAV.Sprint3.Task0.V20.Test\Tyuiu.ShiganovaAV.Sprint3.Task0.V20.Test.csproj", "{7BB6873E-0C28-430E-A759-2E18150AD837}"
EndProject
Project("{2150E333-8FDC-42A3-9474-1A3956D46DE8}") = "Task1", "Task1", "{54C5EE02-615C-4C4E-A55E-B0D1A3CBCD17}"
EndProject
Project("{FAE04EC0-301F-11D3-BF4B-00C04F79EFBC}") = "Tyuiu.ShiganovaAV.Sprint3.Task1.V17", "Tyuiu.ShiganovaAV.Sprint3.Task1.V17\Tyuiu.ShiganovaAV.Sprint3.Task1.V17.csproj", "{90954B2B-AB04-4D84-824C-5B734C5BE6B3}"
EndProject
Project("{FAE04EC0-301F-11D3-BF4B-00C04F79EFBC}") = "Tyuiu.ShiganovaAV.Sprint3.Task1.V17.Lib", "Tyuiu.ShiganovaAV.Sprint3.Task1.V17.Lib\Tyuiu.ShiganovaAV.Sprint3.Task1.V17.Lib.csproj", "{A6A0044B-520B-425C-906E-7E2B8EB34A39}"
EndProject
Project("{FAE04EC0-301F-11D3-BF4B-00C04F79EFBC}") = "Tyuiu.ShiganovaAV.Sprint3.Task1.V17.Test", "Tyuiu.ShiganovaAV.Sprint3.Task1.V17.Test\Tyuiu.ShiganovaAV.Sprint3.Task1.V17.Test.csproj", "{37CB3B21-EAE1-499F-AC2C-C87C16D191B3}"
EndProject
Global
	GlobalSection(SolutionConfigurationPlatforms) = preSolution
		Debug|Any CPU = Debug|Any CPU
		Release|Any CPU = Release|Any CPU
	EndGlobalSection
	GlobalSection(ProjectConfigurationPlatforms) = postSolution
		{ACA027C5-8BEB-49ED-9686-D4D263E58240}.Debug|Any CPU.ActiveCfg = Debug|Any CPU
		{ACA027C5-8BEB-49ED-9686-D4D263E58240}.Debug|Any CPU.Build.0 = Debug|Any CPU
		{ACA027C5-8BEB-49ED-9686-D4D263E58240}.Release|Any CPU.ActiveCfg = Release|Any CPU
		{ACA027C5-8BEB-49ED-9686-D4D263E58240}.Release|Any CPU.Build.0 = Release|Any CPU
		{A81BA897-FA3C-4383-ADEB-DA40C15CE98F}.Debug|Any CPU.ActiveCfg = Debug|Any CPU
		{A81BA897-FA3C-4383-ADEB-DA40C15CE98F}.Debug|Any CPU.Build.0 = Debug|Any CPU
		{A81BA897-FA3C-4383-ADEB-DA40C15CE98F}.Release|Any CPU.ActiveCfg = Release|Any CPU
		{A81BA897-FA3C-4383-ADEB-DA40C15CE98F}.Release|Any CPU.Build.0 = Release|Any CPU
		{7BB6873E-0C28-430E-A759-2E18150AD837}.Debug|Any CPU.ActiveCfg = Debug|Any CPU
		{7BB6873E-0C28-430E-A759-2E18150AD837}.Debug|Any CPU.Build.0 = Debug|Any CPU
		{7BB6873E-0C28-430E-A759-2E18150AD837}.Release|Any CPU.ActiveCfg = Release|Any CPU
		{7BB6873E-0C28-430E-A759-2E18150AD837}.Release|Any CPU.Build.0 = Release|Any CPU
		{90954B2B-AB04-4D84-824C-5B734C5BE6B3}.Debug|Any CPU.ActiveCfg = Debug|Any CPU
		{90954B2B-AB04-4D84-824C-5B734C5BE6B3}.Debug|Any CPU.Build.0 = Debug|Any CPU
		{90954B2B-AB04-4D84-824C-5B734C5BE6B3}.Release|Any CPU.ActiveCfg = Release|Any CPU
		{90954B2B-AB04-4D84-824C-5B734C5BE6B3}.Release|Any CPU.Build.0 = Release|Any CPU
		{A6A0044B-520B-425C-906E-7E2B8EB34A39}.Debug|Any CPU.ActiveCfg = Debug|Any CPU
		{A6A0044B-520B-425C-906E-7E2B8EB34A39}.Debug|Any CPU.Build.0 = Debug|Any CPU
		{A6A0044B-520B-425C-906E-7E2B8EB34A39}.Release|Any CPU.ActiveCfg = Release|Any CPU
		{A6A0044B-520B-425C-906E-7E2B8EB34A39}.Release|Any CPU.Build.0 = Release|Any CPU
		{37CB3B21-EAE1-499F-AC2C-C87C16D191B3}.Debug|Any CPU.ActiveCfg = Debug|Any CPU
		{37CB3B21-EAE1-499F-AC2C-C87C16D191B3}.Debug|Any CPU.Build.0 = Debug|Any CPU
		{37CB3B21-EAE1-499F-AC2C-C87C16D191B3}.Release|Any CPU.ActiveCfg = Release|Any CPU
		{37CB3B21-EAE1-499F-AC2C-C87C16D191B3}.Release|Any CPU.Build.0 = Release|Any CPU
	EndGlobalSection
	GlobalSection(SolutionProperties) = preSolution
		HideSolutionNode = FALSE
	EndGlobalSection
	GlobalSection(NestedProjects) = preSolution
		{ACA027C5-8BEB-49ED-9686-D4D263E58240} = {02EA681E-C7D8-13C7-8484-4AC65E1B71E8}
		{A81BA897-FA3C-4383-ADEB-DA40C15CE98F} = {02EA681E-C7D8-13C7-8484-4AC65E1B71E8}
		{7BB6873E-0C28-430E-A759-2E18150AD837} = {02EA681E-C7D8-13C7-8484-4AC65E1B71E8}
		{90954B2B-AB04-4D84-824C-5B734C5BE6B3} = {54C5EE02-615C-4C4E-A55E-B0D1A3CBCD17}
		{A6A0044B-520B-425C-906E-7E2B8EB34A39} = {54C5EE02-615C-4C4E-A55E-B0D1A3CBCD17}
		{37CB3B21-EAE1-499F-AC2C-C87C16D191B3} = {54C5EE02-615C-4C4E-A55E-B0D1A3CBCD17}
	EndGlobalSection
	GlobalSection(ExtensibilityGlobals) = postSolution
		SolutionGuid = {381F8B9B-1E32-4B5A-872E-6E0BF88A8C79}
	EndGlobalSection
EndGlobal
